
Microsoft Visual Studio Solution File, Format Version 11.00
# Visual Studio 2010
Project("{FAE04EC0-301F-11D3-BF4B-00C04F79EFBC}") = "WindowsFormsApplication1", "WindowsFormsApplication1\WindowsFormsApplication1.csproj", "{6590F48A-C28E-4523-9142-9996D5CEA9B0}"
EndProject
Project("{2150E333-8FDC-42A3-9474-1A3956D46DE8}") = "NewFolder1", "NewFolder1", "{04499F0D-7167-4427-A0BF-E0C67323A3FC}"
EndProject
Global
	GlobalSection(SolutionConfigurationPlatforms) = preSolution
		Debug|x86 = Debug|x86
		Release|x86 = Release|x86
	EndGlobalSection
	GlobalSection(ProjectConfigurationPlatforms) = postSolution
		{6590F48A-C28E-4523-9142-9996D5CEA9B0}.Debug|x86.ActiveCfg = Debug|x86
		{6590F48A-C28E-4523-9142-9996D5CEA9B0}.Debug|x86.Build.0 = Debug|x86
		{6590F48A-C28E-4523-9142-9996D5CEA9B0}.Release|x86.ActiveCfg = Release|x86
		{6590F48A-C28E-4523-9142-9996D5CEA9B0}.Release|x86.Build.0 = Release|x86
	EndGlobalSection
	GlobalSection(SolutionProperties) = preSolution
		HideSolutionNode = FALSE
	EndGlobalSection
EndGlobal
